
Microsoft Visual Studio Solution File, Format Version 12.00
# Visual Studio 2012
Project("{FAE04EC0-301F-11D3-BF4B-00C04F79EFBC}") = "16.11.7.Files", "16.11.7.Files\16.11.7.Files.csproj", "{19750D8E-5E3B-4146-92DF-CE5567BDEC78}"
EndProject
Global
	GlobalSection(SolutionConfigurationPlatforms) = preSolution
		Debug|x86 = Debug|x86
		Release|x86 = Release|x86
	EndGlobalSection
	GlobalSection(ProjectConfigurationPlatforms) = postSolution
		{19750D8E-5E3B-4146-92DF-CE5567BDEC78}.Debug|x86.ActiveCfg = Debug|x86
		{19750D8E-5E3B-4146-92DF-CE5567BDEC78}.Debug|x86.Build.0 = Debug|x86
		{19750D8E-5E3B-4146-92DF-CE5567BDEC78}.Release|x86.ActiveCfg = Release|x86
		{19750D8E-5E3B-4146-92DF-CE5567BDEC78}.Release|x86.Build.0 = Release|x86
	EndGlobalSection
EndGlobal
