
Microsoft Visual Studio Solution File, Format Version 12.00
# Visual Studio 2012
Project("{FAE04EC0-301F-11D3-BF4B-00C04F79EFBC}") = "16.10.10", "16.10.10.csproj", "{09E6D71B-9686-4096-94BB-90E3D2C4C60D}"
EndProject
Global
	GlobalSection(SolutionConfigurationPlatforms) = preSolution
		Debug|Any CPU = Debug|Any CPU
		Release|Any CPU = Release|Any CPU
	EndGlobalSection
	GlobalSection(ProjectConfigurationPlatforms) = postSolution
		{09E6D71B-9686-4096-94BB-90E3D2C4C60D}.Debug|Any CPU.ActiveCfg = Debug|Any CPU
		{09E6D71B-9686-4096-94BB-90E3D2C4C60D}.Debug|Any CPU.Build.0 = Debug|Any CPU
		{09E6D71B-9686-4096-94BB-90E3D2C4C60D}.Release|Any CPU.ActiveCfg = Release|Any CPU
		{09E6D71B-9686-4096-94BB-90E3D2C4C60D}.Release|Any CPU.Build.0 = Release|Any CPU
	EndGlobalSection
EndGlobal
